# This file is automatically @generated by Cargo.
# It is not intended for manual editing.
version = 4

[[package]]
name = "cor24-isa"
version = "0.1.0"

[[package]]
name = "tc24r-ast"
version = "0.1.0"
dependencies = [
 "tc24r-span",
]

[[package]]
name = "tc24r-codegen-state"
version = "0.1.0"
dependencies = [
 "tc24r-ast",
]

[[package]]
name = "tc24r-emit-core"
version = "0.1.0"
dependencies = [
 "cor24-isa",
 "tc24r-codegen-state",
 "tc24r-emit-macros",
]

[[package]]
name = "tc24r-emit-data"
version = "0.1.0"
dependencies = [
 "tc24r-ast",
 "tc24r-codegen-state",
 "tc24r-emit-core",
 "tc24r-emit-macros",
]

[[package]]
name = "tc24r-emit-load-store"
version = "0.1.0"
dependencies = [
 "tc24r-ast",
 "tc24r-codegen-state",
 "tc24r-emit-core",
 "tc24r-emit-macros",
]

[[package]]
name = "tc24r-emit-macros"
version = "0.1.0"

[[package]]
name = "tc24r-span"
version = "0.1.0"
