# This file is automatically @generated by Cargo.
# It is not intended for manual editing.
version = 4

[[package]]
name = "tc24r-asm-dsl"
version = "0.1.0"

[[package]]
name = "tc24r-dispatch"
version = "0.1.0"

[[package]]
name = "tc24r-emit-macros"
version = "0.1.0"

[[package]]
name = "tc24r-handler-macros"
version = "0.1.0"
dependencies = [
 "tc24r-dispatch",
]

[[package]]
name = "tc24r-macros-tests"
version = "0.1.0"
dependencies = [
 "tc24r-asm-dsl",
 "tc24r-dispatch",
 "tc24r-emit-macros",
 "tc24r-handler-macros",
]
