# This file is automatically @generated by Cargo.
# It is not intended for manual editing.
version = 4

[[package]]
name = "tc24r-ast"
version = "0.1.0"
dependencies = [
 "tc24r-span",
]

[[package]]
name = "tc24r-codegen-state"
version = "0.1.0"
dependencies = [
 "tc24r-ast",
]

[[package]]
name = "tc24r-emit-core"
version = "0.1.0"
dependencies = [
 "tc24r-codegen-state",
 "tc24r-emit-macros",
]

[[package]]
name = "tc24r-emit-macros"
version = "0.1.0"

[[package]]
name = "tc24r-span"
version = "0.1.0"

[[package]]
name = "tc24r-stmt-control"
version = "0.1.0"
dependencies = [
 "tc24r-ast",
 "tc24r-codegen-state",
 "tc24r-emit-core",
 "tc24r-emit-macros",
 "tc24r-stmt-simple",
 "tc24r-type-infer",
]

[[package]]
name = "tc24r-stmt-simple"
version = "0.1.0"
dependencies = [
 "tc24r-ast",
 "tc24r-codegen-state",
 "tc24r-emit-core",
 "tc24r-emit-macros",
 "tc24r-type-infer",
]

[[package]]
name = "tc24r-type-infer"
version = "0.1.0"
dependencies = [
 "tc24r-ast",
 "tc24r-codegen-state",
]
