# This file is automatically @generated by Cargo.
# It is not intended for manual editing.
version = 4

[[package]]
name = "cc24-ast"
version = "0.1.0"
dependencies = [
 "cc24-span",
]

[[package]]
name = "cc24-error"
version = "0.1.0"
dependencies = [
 "cc24-span",
]

[[package]]
name = "cc24-span"
version = "0.1.0"

[[package]]
name = "cc24-token"
version = "0.1.0"
dependencies = [
 "cc24-span",
]
